// !$*UTF8*$!
{
	archiveVersion = 1;
	classes = {
	};
	objectVersion = 46;
	objects = {

/* Begin PBXBuildFile section */
		D2690E0A1911170B003C5E19 /* Foundation.framework in Frameworks */ = {isa = PBXBuildFile; fileRef = D2690E091911170B003C5E19 /* Foundation.framework */; };
		D2690E0C1911170B003C5E19 /* CoreGraphics.framework in Frameworks */ = {isa = PBXBuildFile; fileRef = D2690E0B1911170B003C5E19 /* CoreGraphics.framework */; };
		D2690E0E1911170B003C5E19 /* UIKit.framework in Frameworks */ = {isa = PBXBuildFile; fileRef = D2690E0D1911170B003C5E19 /* UIKit.framework */; };
		D2690E141911170B003C5E19 /* InfoPlist.strings in Resources */ = {isa = PBXBuildFile; fileRef = D2690E121911170B003C5E19 /* InfoPlist.strings */; };
		D2690E161911170B003C5E19 /* main.m in Sources */ = {isa = PBXBuildFile; fileRef = D2690E151911170B003C5E19 /* main.m */; };
		D2690E1A1911170B003C5E19 /* CellsAppDelegate.m in Sources */ = {isa = PBXBuildFile; fileRef = D2690E191911170B003C5E19 /* CellsAppDelegate.m */; };
		D2690E1D1911170B003C5E19 /* Main.storyboard in Resources */ = {isa = PBXBuildFile; fileRef = D2690E1B1911170B003C5E19 /* Main.storyboard */; };
		D2690E201911170B003C5E19 /* CellsViewController.m in Sources */ = {isa = PBXBuildFile; fileRef = D2690E1F1911170B003C5E19 /* CellsViewController.m */; };
		D2690E221911170B003C5E19 /* Images.xcassets in Resources */ = {isa = PBXBuildFile; fileRef = D2690E211911170B003C5E19 /* Images.xcassets */; };
		D2690E291911170B003C5E19 /* XCTest.framework in Frameworks */ = {isa = PBXBuildFile; fileRef = D2690E281911170B003C5E19 /* XCTest.framework */; };
		D2690E2A1911170B003C5E19 /* Foundation.framework in Frameworks */ = {isa = PBXBuildFile; fileRef = D2690E091911170B003C5E19 /* Foundation.framework */; };
		D2690E2B1911170B003C5E19 /* UIKit.framework in Frameworks */ = {isa = PBXBuildFile; fileRef = D2690E0D1911170B003C5E19 /* UIKit.framework */; };
		D2690E331911170B003C5E19 /* InfoPlist.strings in Resources */ = {isa = PBXBuildFile; fileRef = D2690E311911170B003C5E19 /* InfoPlist.strings */; };
		D2690E351911170B003C5E19 /* CellsTests.m in Sources */ = {isa = PBXBuildFile; fileRef = D2690E341911170B003C5E19 /* CellsTests.m */; };
		D2690E46191117FD003C5E19 /* CellsNameColorCell.m in Sources */ = {isa = PBXBuildFile; fileRef = D2690E44191117FD003C5E19 /* CellsNameColorCell.m */; };
		D2690E47191117FD003C5E19 /* CellsNameColorCell.xib in Resources */ = {isa = PBXBuildFile; fileRef = D2690E45191117FD003C5E19 /* CellsNameColorCell.xib */; };
/* End PBXBuildFile section */

/* Begin PBXContainerItemProxy section */
		D2690E2C1911170B003C5E19 /* PBXContainerItemProxy */ = {
			isa = PBXContainerItemProxy;
			containerPortal = D2690DFE1911170B003C5E19 /* Project object */;
			proxyType = 1;
			remoteGlobalIDString = D2690E051911170B003C5E19;
			remoteInfo = Cells;
		};
/* End PBXContainerItemProxy section */

/* Begin PBXFileReference section */
		D2690E061911170B003C5E19 /* Cells.app */ = {isa = PBXFileReference; explicitFileType = wrapper.application; includeInIndex = 0; path = Cells.app; sourceTree = BUILT_PRODUCTS_DIR; };
		D2690E091911170B003C5E19 /* Foundation.framework */ = {isa = PBXFileReference; lastKnownFileType = wrapper.framework; name = Foundation.framework; path = System/Library/Frameworks/Foundation.framework; sourceTree = SDKROOT; };
		D2690E0B1911170B003C5E19 /* CoreGraphics.framework */ = {isa = PBXFileReference; lastKnownFileType = wrapper.framework; name = CoreGraphics.framework; path = System/Library/Frameworks/CoreGraphics.framework; sourceTree = SDKROOT; };
		D2690E0D1911170B003C5E19 /* UIKit.framework */ = {isa = PBXFileReference; lastKnownFileType = wrapper.framework; name = UIKit.framework; path = System/Library/Frameworks/UIKit.framework; sourceTree = SDKROOT; };
		D2690E111911170B003C5E19 /* Cells-Info.plist */ = {isa = PBXFileReference; lastKnownFileType = text.plist.xml; path = "Cells-Info.plist"; sourceTree = "<group>"; };
		D2690E131911170B003C5E19 /* en */ = {isa = PBXFileReference; lastKnownFileType = text.plist.strings; name = en; path = en.lproj/InfoPlist.strings; sourceTree = "<group>"; };
		D2690E151911170B003C5E19 /* main.m */ = {isa = PBXFileReference; lastKnownFileType = sourcecode.c.objc; path = main.m; sourceTree = "<group>"; };
		D2690E171911170B003C5E19 /* Cells-Prefix.pch */ = {isa = PBXFileReference; lastKnownFileType = sourcecode.c.h; path = "Cells-Prefix.pch"; sourceTree = "<group>"; };
		D2690E181911170B003C5E19 /* CellsAppDelegate.h */ = {isa = PBXFileReference; lastKnownFileType = sourcecode.c.h; path = CellsAppDelegate.h; sourceTree = "<group>"; };
		D2690E191911170B003C5E19 /* CellsAppDelegate.m */ = {isa = PBXFileReference; lastKnownFileType = sourcecode.c.objc; path = CellsAppDelegate.m; sourceTree = "<group>"; };
		D2690E1C1911170B003C5E19 /* Base */ = {isa = PBXFileReference; lastKnownFileType = file.storyboard; name = Base; path = Base.lproj/Main.storyboard; sourceTree = "<group>"; };
		D2690E1E1911170B003C5E19 /* CellsViewController.h */ = {isa = PBXFileReference; lastKnownFileType = sourcecode.c.h; path = CellsViewController.h; sourceTree = "<group>"; };
		D2690E1F1911170B003C5E19 /* CellsViewController.m */ = {isa = PBXFileReference; lastKnownFileType = sourcecode.c.objc; path = CellsViewController.m; sourceTree = "<group>"; };
		D2690E211911170B003C5E19 /* Images.xcassets */ = {isa = PBXFileReference; lastKnownFileType = folder.assetcatalog; path = Images.xcassets; sourceTree = "<group>"; };
		D2690E271911170B003C5E19 /* CellsTests.xctest */ = {isa = PBXFileReference; explicitFileType = wrapper.cfbundle; includeInIndex = 0; path = CellsTests.xctest; sourceTree = BUILT_PRODUCTS_DIR; };
		D2690E281911170B003C5E19 /* XCTest.framework */ = {isa = PBXFileReference; lastKnownFileType = wrapper.framework; name = XCTest.framework; path = Library/Frameworks/XCTest.framework; sourceTree = DEVELOPER_DIR; };
		D2690E301911170B003C5E19 /* CellsTests-Info.plist */ = {isa = PBXFileReference; lastKnownFileType = text.plist.xml; path = "CellsTests-Info.plist"; sourceTree = "<group>"; };
		D2690E321911170B003C5E19 /* en */ = {isa = PBXFileReference; lastKnownFileType = text.plist.strings; name = en; path = en.lproj/InfoPlist.strings; sourceTree = "<group>"; };
		D2690E341911170B003C5E19 /* CellsTests.m */ = {isa = PBXFileReference; lastKnownFileType = sourcecode.c.objc; path = CellsTests.m; sourceTree = "<group>"; };
		D2690E43191117FD003C5E19 /* CellsNameColorCell.h */ = {isa = PBXFileReference; fileEncoding = 4; lastKnownFileType = sourcecode.c.h; path = CellsNameColorCell.h; sourceTree = SOURCE_ROOT; };
		D2690E44191117FD003C5E19 /* CellsNameColorCell.m */ = {isa = PBXFileReference; fileEncoding = 4; lastKnownFileType = sourcecode.c.objc; path = CellsNameColorCell.m; sourceTree = SOURCE_ROOT; };
		D2690E45191117FD003C5E19 /* CellsNameColorCell.xib */ = {isa = PBXFileReference; fileEncoding = 4; lastKnownFileType = file.xib; path = CellsNameColorCell.xib; sourceTree = SOURCE_ROOT; };
/* End PBXFileReference section */

/* Begin PBXFrameworksBuildPhase section */
		D2690E031911170B003C5E19 /* Frameworks */ = {
			isa = PBXFrameworksBuildPhase;
			buildActionMask = 2147483647;
			files = (
				D2690E0C1911170B003C5E19 /* CoreGraphics.framework in Frameworks */,
				D2690E0E1911170B003C5E19 /* UIKit.framework in Frameworks */,
				D2690E0A1911170B003C5E19 /* Foundation.framework in Frameworks */,
			);
			runOnlyForDeploymentPostprocessing = 0;
		};
		D2690E241911170B003C5E19 /* Frameworks */ = {
			isa = PBXFrameworksBuildPhase;
			buildActionMask = 2147483647;
			files = (
				D2690E291911170B003C5E19 /* XCTest.framework in Frameworks */,
				D2690E2B1911170B003C5E19 /* UIKit.framework in Frameworks */,
				D2690E2A1911170B003C5E19 /* Foundation.framework in Frameworks */,
			);
			runOnlyForDeploymentPostprocessing = 0;
		};
/* End PBXFrameworksBuildPhase section */

/* Begin PBXGroup section */
		D2690DFD1911170B003C5E19 = {
			isa = PBXGroup;
			children = (
				D2690E0F1911170B003C5E19 /* Cells */,
				D2690E2E1911170B003C5E19 /* CellsTests */,
				D2690E081911170B003C5E19 /* Frameworks */,
				D2690E071911170B003C5E19 /* Products */,
			);
			sourceTree = "<group>";
		};
		D2690E071911170B003C5E19 /* Products */ = {
			isa = PBXGroup;
			children = (
				D2690E061911170B003C5E19 /* Cells.app */,
				D2690E271911170B003C5E19 /* CellsTests.xctest */,
			);
			name = Products;
			sourceTree = "<group>";
		};
		D2690E081911170B003C5E19 /* Frameworks */ = {
			isa = PBXGroup;
			children = (
				D2690E091911170B003C5E19 /* Foundation.framework */,
				D2690E0B1911170B003C5E19 /* CoreGraphics.framework */,
				D2690E0D1911170B003C5E19 /* UIKit.framework */,
				D2690E281911170B003C5E19 /* XCTest.framework */,
			);
			name = Frameworks;
			sourceTree = "<group>";
		};
		D2690E0F1911170B003C5E19 /* Cells */ = {
			isa = PBXGroup;
			children = (
				D2690E43191117FD003C5E19 /* CellsNameColorCell.h */,
				D2690E44191117FD003C5E19 /* CellsNameColorCell.m */,
				D2690E45191117FD003C5E19 /* CellsNameColorCell.xib */,
				D2690E181911170B003C5E19 /* CellsAppDelegate.h */,
				D2690E191911170B003C5E19 /* CellsAppDelegate.m */,
				D2690E1B1911170B003C5E19 /* Main.storyboard */,
				D2690E1E1911170B003C5E19 /* CellsViewController.h */,
				D2690E1F1911170B003C5E19 /* CellsViewController.m */,
				D2690E211911170B003C5E19 /* Images.xcassets */,
				D2690E101911170B003C5E19 /* Supporting Files */,
			);
			path = Cells;
			sourceTree = "<group>";
		};
		D2690E101911170B003C5E19 /* Supporting Files */ = {
			isa = PBXGroup;
			children = (
				D2690E111911170B003C5E19 /* Cells-Info.plist */,
				D2690E121911170B003C5E19 /* InfoPlist.strings */,
				D2690E151911170B003C5E19 /* main.m */,
				D2690E171911170B003C5E19 /* Cells-Prefix.pch */,
			);
			name = "Supporting Files";
			sourceTree = "<group>";
		};
		D2690E2E1911170B003C5E19 /* CellsTests */ = {
			isa = PBXGroup;
			children = (
				D2690E341911170B003C5E19 /* CellsTests.m */,
				D2690E2F1911170B003C5E19 /* Supporting Files */,
			);
			path = CellsTests;
			sourceTree = "<group>";
		};
		D2690E2F1911170B003C5E19 /* Supporting Files */ = {
			isa = PBXGroup;
			children = (
				D2690E301911170B003C5E19 /* CellsTests-Info.plist */,
				D2690E311911170B003C5E19 /* InfoPlist.strings */,
			);
			name = "Supporting Files";
			sourceTree = "<group>";
		};
/* End PBXGroup section */

/* Begin PBXNativeTarget section */
		D2690E051911170B003C5E19 /* Cells */ = {
			isa = PBXNativeTarget;
			buildConfigurationList = D2690E381911170B003C5E19 /* Build configuration list for PBXNativeTarget "Cells" */;
			buildPhases = (
				D2690E021911170B003C5E19 /* Sources */,
				D2690E031911170B003C5E19 /* Frameworks */,
				D2690E041911170B003C5E19 /* Resources */,
			);
			buildRules = (
			);
			dependencies = (
			);
			name = Cells;
			productName = Cells;
			productReference = D2690E061911170B003C5E19 /* Cells.app */;
			productType = "com.apple.product-type.application";
		};
		D2690E261911170B003C5E19 /* CellsTests */ = {
			isa = PBXNativeTarget;
			buildConfigurationList = D2690E3B1911170B003C5E19 /* Build configuration list for PBXNativeTarget "CellsTests" */;
			buildPhases = (
				D2690E231911170B003C5E19 /* Sources */,
				D2690E241911170B003C5E19 /* Frameworks */,
				D2690E251911170B003C5E19 /* Resources */,
			);
			buildRules = (
			);
			dependencies = (
				D2690E2D1911170B003C5E19 /* PBXTargetDependency */,
			);
			name = CellsTests;
			productName = CellsTests;
			productReference = D2690E271911170B003C5E19 /* CellsTests.xctest */;
			productType = "com.apple.product-type.bundle.unit-test";
		};
/* End PBXNativeTarget section */

/* Begin PBXProject section */
		D2690DFE1911170B003C5E19 /* Project object */ = {
			isa = PBXProject;
			attributes = {
				CLASSPREFIX = Cells;
				LastUpgradeCheck = 0510;
				ORGANIZATIONNAME = terzeron.net;
				TargetAttributes = {
					D2690E261911170B003C5E19 = {
						TestTargetID = D2690E051911170B003C5E19;
					};
				};
			};
			buildConfigurationList = D2690E011911170B003C5E19 /* Build configuration list for PBXProject "Cells" */;
			compatibilityVersion = "Xcode 3.2";
			developmentRegion = English;
			hasScannedForEncodings = 0;
			knownRegions = (
				en,
				Base,
			);
			mainGroup = D2690DFD1911170B003C5E19;
			productRefGroup = D2690E071911170B003C5E19 /* Products */;
			projectDirPath = "";
			projectRoot = "";
			targets = (
				D2690E051911170B003C5E19 /* Cells */,
				D2690E261911170B003C5E19 /* CellsTests */,
			);
		};
/* End PBXProject section */

/* Begin PBXResourcesBuildPhase section */
		D2690E041911170B003C5E19 /* Resources */ = {
			isa = PBXResourcesBuildPhase;
			buildActionMask = 2147483647;
			files = (
				D2690E221911170B003C5E19 /* Images.xcassets in Resources */,
				D2690E141911170B003C5E19 /* InfoPlist.strings in Resources */,
				D2690E47191117FD003C5E19 /* CellsNameColorCell.xib in Resources */,
				D2690E1D1911170B003C5E19 /* Main.storyboard in Resources */,
			);
			runOnlyForDeploymentPostprocessing = 0;
		};
		D2690E251911170B003C5E19 /* Resources */ = {
			isa = PBXResourcesBuildPhase;
			buildActionMask = 2147483647;
			files = (
				D2690E331911170B003C5E19 /* InfoPlist.strings in Resources */,
			);
			runOnlyForDeploymentPostprocessing = 0;
		};
/* End PBXResourcesBuildPhase section */

/* Begin PBXSourcesBuildPhase section */
		D2690E021911170B003C5E19 /* Sources */ = {
			isa = PBXSourcesBuildPhase;
			buildActionMask = 2147483647;
			files = (
				D2690E201911170B003C5E19 /* CellsViewController.m in Sources */,
				D2690E1A1911170B003C5E19 /* CellsAppDelegate.m in Sources */,
				D2690E46191117FD003C5E19 /* CellsNameColorCell.m in Sources */,
				D2690E161911170B003C5E19 /* main.m in Sources */,
			);
			runOnlyForDeploymentPostprocessing = 0;
		};
		D2690E231911170B003C5E19 /* Sources */ = {
			isa = PBXSourcesBuildPhase;
			buildActionMask = 2147483647;
			files = (
				D2690E351911170B003C5E19 /* CellsTests.m in Sources */,
			);
			runOnlyForDeploymentPostprocessing = 0;
		};
/* End PBXSourcesBuildPhase section */

/* Begin PBXTargetDependency section */
		D2690E2D1911170B003C5E19 /* PBXTargetDependency */ = {
			isa = PBXTargetDependency;
			target = D2690E051911170B003C5E19 /* Cells */;
			targetProxy = D2690E2C1911170B003C5E19 /* PBXContainerItemProxy */;
		};
/* End PBXTargetDependency section */

/* Begin PBXVariantGroup section */
		D2690E121911170B003C5E19 /* InfoPlist.strings */ = {
			isa = PBXVariantGroup;
			children = (
				D2690E131911170B003C5E19 /* en */,
			);
			name = InfoPlist.strings;
			sourceTree = "<group>";
		};
		D2690E1B1911170B003C5E19 /* Main.storyboard */ = {
			isa = PBXVariantGroup;
			children = (
				D2690E1C1911170B003C5E19 /* Base */,
			);
			name = Main.storyboard;
			sourceTree = "<group>";
		};
		D2690E311911170B003C5E19 /* InfoPlist.strings */ = {
			isa = PBXVariantGroup;
			children = (
				D2690E321911170B003C5E19 /* en */,
			);
			name = InfoPlist.strings;
			sourceTree = "<group>";
		};
/* End PBXVariantGroup section */

/* Begin XCBuildConfiguration section */
		D2690E361911170B003C5E19 /* Debug */ = {
			isa = XCBuildConfiguration;
			buildSettings = {
				ALWAYS_SEARCH_USER_PATHS = NO;
				CLANG_CXX_LANGUAGE_STANDARD = "gnu++0x";
				CLANG_CXX_LIBRARY = "libc++";
				CLANG_ENABLE_MODULES = YES;
				CLANG_ENABLE_OBJC_ARC = YES;
				CLANG_WARN_BOOL_CONVERSION = YES;
				CLANG_WARN_CONSTANT_CONVERSION = YES;
				CLANG_WARN_DIRECT_OBJC_ISA_USAGE = YES_ERROR;
				CLANG_WARN_EMPTY_BODY = YES;
				CLANG_WARN_ENUM_CONVERSION = YES;
				CLANG_WARN_INT_CONVERSION = YES;
				CLANG_WARN_OBJC_ROOT_CLASS = YES_ERROR;
				CLANG_WARN__DUPLICATE_METHOD_MATCH = YES;
				"CODE_SIGN_IDENTITY[sdk=iphoneos*]" = "iPhone Developer";
				COPY_PHASE_STRIP = NO;
				GCC_C_LANGUAGE_STANDARD = gnu99;
				GCC_DYNAMIC_NO_PIC = NO;
				GCC_OPTIMIZATION_LEVEL = 0;
				GCC_PREPROCESSOR_DEFINITIONS = (
					"DEBUG=1",
					"$(inherited)",
				);
				GCC_SYMBOLS_PRIVATE_EXTERN = NO;
				GCC_WARN_64_TO_32_BIT_CONVERSION = YES;
				GCC_WARN_ABOUT_RETURN_TYPE = YES_ERROR;
				GCC_WARN_UNDECLARED_SELECTOR = YES;
				GCC_WARN_UNINITIALIZED_AUTOS = YES_AGGRESSIVE;
				GCC_WARN_UNUSED_FUNCTION = YES;
				GCC_WARN_UNUSED_VARIABLE = YES;
				IPHONEOS_DEPLOYMENT_TARGET = 7.1;
				ONLY_ACTIVE_ARCH = YES;
				SDKROOT = iphoneos;
			};
			name = Debug;
		};
		D2690E371911170B003C5E19 /* Release */ = {
			isa = XCBuildConfiguration;
			buildSettings = {
				ALWAYS_SEARCH_USER_PATHS = NO;
				CLANG_CXX_LANGUAGE_STANDARD = "gnu++0x";
				CLANG_CXX_LIBRARY = "libc++";
				CLANG_ENABLE_MODULES = YES;
				CLANG_ENABLE_OBJC_ARC = YES;
				CLANG_WARN_BOOL_CONVERSION = YES;
				CLANG_WARN_CONSTANT_CONVERSION = YES;
				CLANG_WARN_DIRECT_OBJC_ISA_USAGE = YES_ERROR;
				CLANG_WARN_EMPTY_BODY = YES;
				CLANG_WARN_ENUM_CONVERSION = YES;
				CLANG_WARN_INT_CONVERSION = YES;
				CLANG_WARN_OBJC_ROOT_CLASS = YES_ERROR;
				CLANG_WARN__DUPLICATE_METHOD_MATCH = YES;
				"CODE_SIGN_IDENTITY[sdk=iphoneos*]" = "iPhone Developer";
				COPY_PHASE_STRIP = YES;
				ENABLE_NS_ASSERTIONS = NO;
				GCC_C_LANGUAGE_STANDARD = gnu99;
				GCC_WARN_64_TO_32_BIT_CONVERSION = YES;
				GCC_WARN_ABOUT_RETURN_TYPE = YES_ERROR;
				GCC_WARN_UNDECLARED_SELECTOR = YES;
				GCC_WARN_UNINITIALIZED_AUTOS = YES_AGGRESSIVE;
				GCC_WARN_UNUSED_FUNCTION = YES;
				GCC_WARN_UNUSED_VARIABLE = YES;
				IPHONEOS_DEPLOYMENT_TARGET = 7.1;
				SDKROOT = iphoneos;
				VALIDATE_PRODUCT = YES;
			};
			name = Release;
		};
		D2690E391911170B003C5E19 /* Debug */ = {
			isa = XCBuildConfiguration;
			buildSettings = {
				ASSETCATALOG_COMPILER_APPICON_NAME = AppIcon;
				ASSETCATALOG_COMPILER_LAUNCHIMAGE_NAME = LaunchImage;
				GCC_PRECOMPILE_PREFIX_HEADER = YES;
				GCC_PREFIX_HEADER = "Cells/Cells-Prefix.pch";
				INFOPLIST_FILE = "Cells/Cells-Info.plist";
				PRODUCT_NAME = "$(TARGET_NAME)";
				WRAPPER_EXTENSION = app;
			};
			name = Debug;
		};
		D2690E3A1911170B003C5E19 /* Release */ = {
			isa = XCBuildConfiguration;
			buildSettings = {
				ASSETCATALOG_COMPILER_APPICON_NAME = AppIcon;
				ASSETCATALOG_COMPILER_LAUNCHIMAGE_NAME = LaunchImage;
				GCC_PRECOMPILE_PREFIX_HEADER = YES;
				GCC_PREFIX_HEADER = "Cells/Cells-Prefix.pch";
				INFOPLIST_FILE = "Cells/Cells-Info.plist";
				PRODUCT_NAME = "$(TARGET_NAME)";
				WRAPPER_EXTENSION = app;
			};
			name = Release;
		};
		D2690E3C1911170B003C5E19 /* Debug */ = {
			isa = XCBuildConfiguration;
			buildSettings = {
				BUNDLE_LOADER = "$(BUILT_PRODUCTS_DIR)/Cells.app/Cells";
				FRAMEWORK_SEARCH_PATHS = (
					"$(SDKROOT)/Developer/Library/Frameworks",
					"$(inherited)",
					"$(DEVELOPER_FRAMEWORKS_DIR)",
				);
				GCC_PRECOMPILE_PREFIX_HEADER = YES;
				GCC_PREFIX_HEADER = "Cells/Cells-Prefix.pch";
				GCC_PREPROCESSOR_DEFINITIONS = (
					"DEBUG=1",
					"$(inherited)",
				);
				INFOPLIST_FILE = "CellsTests/CellsTests-Info.plist";
				PRODUCT_NAME = "$(TARGET_NAME)";
				TEST_HOST = "$(BUNDLE_LOADER)";
				WRAPPER_EXTENSION = xctest;
			};
			name = Debug;
		};
		D2690E3D1911170B003C5E19 /* Release */ = {
			isa = XCBuildConfiguration;
			buildSettings = {
				BUNDLE_LOADER = "$(BUILT_PRODUCTS_DIR)/Cells.app/Cells";
				FRAMEWORK_SEARCH_PATHS = (
					"$(SDKROOT)/Developer/Library/Frameworks",
					"$(inherited)",
					"$(DEVELOPER_FRAMEWORKS_DIR)",
				);
				GCC_PRECOMPILE_PREFIX_HEADER = YES;
				GCC_PREFIX_HEADER = "Cells/Cells-Prefix.pch";
				INFOPLIST_FILE = "CellsTests/CellsTests-Info.plist";
				PRODUCT_NAME = "$(TARGET_NAME)";
				TEST_HOST = "$(BUNDLE_LOADER)";
				WRAPPER_EXTENSION = xctest;
			};
			name = Release;
		};
/* End XCBuildConfiguration section */

/* Begin XCConfigurationList section */
		D2690E011911170B003C5E19 /* Build configuration list for PBXProject "Cells" */ = {
			isa = XCConfigurationList;
			buildConfigurations = (
				D2690E361911170B003C5E19 /* Debug */,
				D2690E371911170B003C5E19 /* Release */,
			);
			defaultConfigurationIsVisible = 0;
			defaultConfigurationName = Release;
		};
		D2690E381911170B003C5E19 /* Build configuration list for PBXNativeTarget "Cells" */ = {
			isa = XCConfigurationList;
			buildConfigurations = (
				D2690E391911170B003C5E19 /* Debug */,
				D2690E3A1911170B003C5E19 /* Release */,
			);
			defaultConfigurationIsVisible = 0;
		};
		D2690E3B1911170B003C5E19 /* Build configuration list for PBXNativeTarget "CellsTests" */ = {
			isa = XCConfigurationList;
			buildConfigurations = (
				D2690E3C1911170B003C5E19 /* Debug */,
				D2690E3D1911170B003C5E19 /* Release */,
			);
			defaultConfigurationIsVisible = 0;
		};
/* End XCConfigurationList section */
	};
	rootObject = D2690DFE1911170B003C5E19 /* Project object */;
}
