// !$*UTF8*$!
{
	archiveVersion = 1;
	classes = {
	};
	objectVersion = 46;
	objects = {

/* Begin PBXBuildFile section */
		D2374D6218EC305400E68621 /* Foundation.framework in Frameworks */ = {isa = PBXBuildFile; fileRef = D2374D6118EC305400E68621 /* Foundation.framework */; };
		D2374D6418EC305400E68621 /* CoreGraphics.framework in Frameworks */ = {isa = PBXBuildFile; fileRef = D2374D6318EC305400E68621 /* CoreGraphics.framework */; };
		D2374D6618EC305400E68621 /* UIKit.framework in Frameworks */ = {isa = PBXBuildFile; fileRef = D2374D6518EC305400E68621 /* UIKit.framework */; };
		D2374D6C18EC305400E68621 /* InfoPlist.strings in Resources */ = {isa = PBXBuildFile; fileRef = D2374D6A18EC305400E68621 /* InfoPlist.strings */; };
		D2374D6E18EC305400E68621 /* main.m in Sources */ = {isa = PBXBuildFile; fileRef = D2374D6D18EC305400E68621 /* main.m */; };
		D2374D7218EC305400E68621 /* ControlTestAppDelegate.m in Sources */ = {isa = PBXBuildFile; fileRef = D2374D7118EC305400E68621 /* ControlTestAppDelegate.m */; };
		D2374D7518EC305400E68621 /* Main.storyboard in Resources */ = {isa = PBXBuildFile; fileRef = D2374D7318EC305400E68621 /* Main.storyboard */; };
		D2374D7818EC305400E68621 /* ControlTestViewController.m in Sources */ = {isa = PBXBuildFile; fileRef = D2374D7718EC305400E68621 /* ControlTestViewController.m */; };
		D2374D7A18EC305400E68621 /* Images.xcassets in Resources */ = {isa = PBXBuildFile; fileRef = D2374D7918EC305400E68621 /* Images.xcassets */; };
		D2374D8118EC305400E68621 /* XCTest.framework in Frameworks */ = {isa = PBXBuildFile; fileRef = D2374D8018EC305400E68621 /* XCTest.framework */; };
		D2374D8218EC305400E68621 /* Foundation.framework in Frameworks */ = {isa = PBXBuildFile; fileRef = D2374D6118EC305400E68621 /* Foundation.framework */; };
		D2374D8318EC305400E68621 /* UIKit.framework in Frameworks */ = {isa = PBXBuildFile; fileRef = D2374D6518EC305400E68621 /* UIKit.framework */; };
		D2374D8B18EC305400E68621 /* InfoPlist.strings in Resources */ = {isa = PBXBuildFile; fileRef = D2374D8918EC305400E68621 /* InfoPlist.strings */; };
		D2374D8D18EC305400E68621 /* ControlTestTests.m in Sources */ = {isa = PBXBuildFile; fileRef = D2374D8C18EC305400E68621 /* ControlTestTests.m */; };
		D2374D9718EC30A800E68621 /* naver.jpg in Resources */ = {isa = PBXBuildFile; fileRef = D2374D9618EC30A800E68621 /* naver.jpg */; };
/* End PBXBuildFile section */

/* Begin PBXContainerItemProxy section */
		D2374D8418EC305400E68621 /* PBXContainerItemProxy */ = {
			isa = PBXContainerItemProxy;
			containerPortal = D2374D5618EC305400E68621 /* Project object */;
			proxyType = 1;
			remoteGlobalIDString = D2374D5D18EC305400E68621;
			remoteInfo = ControlTest;
		};
/* End PBXContainerItemProxy section */

/* Begin PBXFileReference section */
		D2374D5E18EC305400E68621 /* ControlTest.app */ = {isa = PBXFileReference; explicitFileType = wrapper.application; includeInIndex = 0; path = ControlTest.app; sourceTree = BUILT_PRODUCTS_DIR; };
		D2374D6118EC305400E68621 /* Foundation.framework */ = {isa = PBXFileReference; lastKnownFileType = wrapper.framework; name = Foundation.framework; path = System/Library/Frameworks/Foundation.framework; sourceTree = SDKROOT; };
		D2374D6318EC305400E68621 /* CoreGraphics.framework */ = {isa = PBXFileReference; lastKnownFileType = wrapper.framework; name = CoreGraphics.framework; path = System/Library/Frameworks/CoreGraphics.framework; sourceTree = SDKROOT; };
		D2374D6518EC305400E68621 /* UIKit.framework */ = {isa = PBXFileReference; lastKnownFileType = wrapper.framework; name = UIKit.framework; path = System/Library/Frameworks/UIKit.framework; sourceTree = SDKROOT; };
		D2374D6918EC305400E68621 /* ControlTest-Info.plist */ = {isa = PBXFileReference; lastKnownFileType = text.plist.xml; path = "ControlTest-Info.plist"; sourceTree = "<group>"; };
		D2374D6B18EC305400E68621 /* en */ = {isa = PBXFileReference; lastKnownFileType = text.plist.strings; name = en; path = en.lproj/InfoPlist.strings; sourceTree = "<group>"; };
		D2374D6D18EC305400E68621 /* main.m */ = {isa = PBXFileReference; lastKnownFileType = sourcecode.c.objc; path = main.m; sourceTree = "<group>"; };
		D2374D6F18EC305400E68621 /* ControlTest-Prefix.pch */ = {isa = PBXFileReference; lastKnownFileType = sourcecode.c.h; path = "ControlTest-Prefix.pch"; sourceTree = "<group>"; };
		D2374D7018EC305400E68621 /* ControlTestAppDelegate.h */ = {isa = PBXFileReference; lastKnownFileType = sourcecode.c.h; path = ControlTestAppDelegate.h; sourceTree = "<group>"; };
		D2374D7118EC305400E68621 /* ControlTestAppDelegate.m */ = {isa = PBXFileReference; lastKnownFileType = sourcecode.c.objc; path = ControlTestAppDelegate.m; sourceTree = "<group>"; };
		D2374D7418EC305400E68621 /* Base */ = {isa = PBXFileReference; lastKnownFileType = file.storyboard; name = Base; path = Base.lproj/Main.storyboard; sourceTree = "<group>"; };
		D2374D7618EC305400E68621 /* ControlTestViewController.h */ = {isa = PBXFileReference; lastKnownFileType = sourcecode.c.h; path = ControlTestViewController.h; sourceTree = "<group>"; };
		D2374D7718EC305400E68621 /* ControlTestViewController.m */ = {isa = PBXFileReference; lastKnownFileType = sourcecode.c.objc; path = ControlTestViewController.m; sourceTree = "<group>"; };
		D2374D7918EC305400E68621 /* Images.xcassets */ = {isa = PBXFileReference; lastKnownFileType = folder.assetcatalog; path = Images.xcassets; sourceTree = "<group>"; };
		D2374D7F18EC305400E68621 /* ControlTestTests.xctest */ = {isa = PBXFileReference; explicitFileType = wrapper.cfbundle; includeInIndex = 0; path = ControlTestTests.xctest; sourceTree = BUILT_PRODUCTS_DIR; };
		D2374D8018EC305400E68621 /* XCTest.framework */ = {isa = PBXFileReference; lastKnownFileType = wrapper.framework; name = XCTest.framework; path = Library/Frameworks/XCTest.framework; sourceTree = DEVELOPER_DIR; };
		D2374D8818EC305400E68621 /* ControlTestTests-Info.plist */ = {isa = PBXFileReference; lastKnownFileType = text.plist.xml; path = "ControlTestTests-Info.plist"; sourceTree = "<group>"; };
		D2374D8A18EC305400E68621 /* en */ = {isa = PBXFileReference; lastKnownFileType = text.plist.strings; name = en; path = en.lproj/InfoPlist.strings; sourceTree = "<group>"; };
		D2374D8C18EC305400E68621 /* ControlTestTests.m */ = {isa = PBXFileReference; lastKnownFileType = sourcecode.c.objc; path = ControlTestTests.m; sourceTree = "<group>"; };
		D2374D9618EC30A800E68621 /* naver.jpg */ = {isa = PBXFileReference; lastKnownFileType = image.jpeg; path = naver.jpg; sourceTree = "<group>"; };
/* End PBXFileReference section */

/* Begin PBXFrameworksBuildPhase section */
		D2374D5B18EC305400E68621 /* Frameworks */ = {
			isa = PBXFrameworksBuildPhase;
			buildActionMask = 2147483647;
			files = (
				D2374D6418EC305400E68621 /* CoreGraphics.framework in Frameworks */,
				D2374D6618EC305400E68621 /* UIKit.framework in Frameworks */,
				D2374D6218EC305400E68621 /* Foundation.framework in Frameworks */,
			);
			runOnlyForDeploymentPostprocessing = 0;
		};
		D2374D7C18EC305400E68621 /* Frameworks */ = {
			isa = PBXFrameworksBuildPhase;
			buildActionMask = 2147483647;
			files = (
				D2374D8118EC305400E68621 /* XCTest.framework in Frameworks */,
				D2374D8318EC305400E68621 /* UIKit.framework in Frameworks */,
				D2374D8218EC305400E68621 /* Foundation.framework in Frameworks */,
			);
			runOnlyForDeploymentPostprocessing = 0;
		};
/* End PBXFrameworksBuildPhase section */

/* Begin PBXGroup section */
		D2374D5518EC305400E68621 = {
			isa = PBXGroup;
			children = (
				D2374D6718EC305400E68621 /* ControlTest */,
				D2374D8618EC305400E68621 /* ControlTestTests */,
				D2374D6018EC305400E68621 /* Frameworks */,
				D2374D5F18EC305400E68621 /* Products */,
			);
			sourceTree = "<group>";
		};
		D2374D5F18EC305400E68621 /* Products */ = {
			isa = PBXGroup;
			children = (
				D2374D5E18EC305400E68621 /* ControlTest.app */,
				D2374D7F18EC305400E68621 /* ControlTestTests.xctest */,
			);
			name = Products;
			sourceTree = "<group>";
		};
		D2374D6018EC305400E68621 /* Frameworks */ = {
			isa = PBXGroup;
			children = (
				D2374D6118EC305400E68621 /* Foundation.framework */,
				D2374D6318EC305400E68621 /* CoreGraphics.framework */,
				D2374D6518EC305400E68621 /* UIKit.framework */,
				D2374D8018EC305400E68621 /* XCTest.framework */,
			);
			name = Frameworks;
			sourceTree = "<group>";
		};
		D2374D6718EC305400E68621 /* ControlTest */ = {
			isa = PBXGroup;
			children = (
				D2374D7018EC305400E68621 /* ControlTestAppDelegate.h */,
				D2374D7118EC305400E68621 /* ControlTestAppDelegate.m */,
				D2374D7318EC305400E68621 /* Main.storyboard */,
				D2374D7618EC305400E68621 /* ControlTestViewController.h */,
				D2374D7718EC305400E68621 /* ControlTestViewController.m */,
				D2374D7918EC305400E68621 /* Images.xcassets */,
				D2374D6818EC305400E68621 /* Supporting Files */,
			);
			path = ControlTest;
			sourceTree = "<group>";
		};
		D2374D6818EC305400E68621 /* Supporting Files */ = {
			isa = PBXGroup;
			children = (
				D2374D9618EC30A800E68621 /* naver.jpg */,
				D2374D6918EC305400E68621 /* ControlTest-Info.plist */,
				D2374D6A18EC305400E68621 /* InfoPlist.strings */,
				D2374D6D18EC305400E68621 /* main.m */,
				D2374D6F18EC305400E68621 /* ControlTest-Prefix.pch */,
			);
			name = "Supporting Files";
			sourceTree = "<group>";
		};
		D2374D8618EC305400E68621 /* ControlTestTests */ = {
			isa = PBXGroup;
			children = (
				D2374D8C18EC305400E68621 /* ControlTestTests.m */,
				D2374D8718EC305400E68621 /* Supporting Files */,
			);
			path = ControlTestTests;
			sourceTree = "<group>";
		};
		D2374D8718EC305400E68621 /* Supporting Files */ = {
			isa = PBXGroup;
			children = (
				D2374D8818EC305400E68621 /* ControlTestTests-Info.plist */,
				D2374D8918EC305400E68621 /* InfoPlist.strings */,
			);
			name = "Supporting Files";
			sourceTree = "<group>";
		};
/* End PBXGroup section */

/* Begin PBXNativeTarget section */
		D2374D5D18EC305400E68621 /* ControlTest */ = {
			isa = PBXNativeTarget;
			buildConfigurationList = D2374D9018EC305400E68621 /* Build configuration list for PBXNativeTarget "ControlTest" */;
			buildPhases = (
				D2374D5A18EC305400E68621 /* Sources */,
				D2374D5B18EC305400E68621 /* Frameworks */,
				D2374D5C18EC305400E68621 /* Resources */,
			);
			buildRules = (
			);
			dependencies = (
			);
			name = ControlTest;
			productName = ControlTest;
			productReference = D2374D5E18EC305400E68621 /* ControlTest.app */;
			productType = "com.apple.product-type.application";
		};
		D2374D7E18EC305400E68621 /* ControlTestTests */ = {
			isa = PBXNativeTarget;
			buildConfigurationList = D2374D9318EC305400E68621 /* Build configuration list for PBXNativeTarget "ControlTestTests" */;
			buildPhases = (
				D2374D7B18EC305400E68621 /* Sources */,
				D2374D7C18EC305400E68621 /* Frameworks */,
				D2374D7D18EC305400E68621 /* Resources */,
			);
			buildRules = (
			);
			dependencies = (
				D2374D8518EC305400E68621 /* PBXTargetDependency */,
			);
			name = ControlTestTests;
			productName = ControlTestTests;
			productReference = D2374D7F18EC305400E68621 /* ControlTestTests.xctest */;
			productType = "com.apple.product-type.bundle.unit-test";
		};
/* End PBXNativeTarget section */

/* Begin PBXProject section */
		D2374D5618EC305400E68621 /* Project object */ = {
			isa = PBXProject;
			attributes = {
				CLASSPREFIX = ControlTest;
				LastUpgradeCheck = 0510;
				ORGANIZATIONNAME = terzeron.net;
				TargetAttributes = {
					D2374D7E18EC305400E68621 = {
						TestTargetID = D2374D5D18EC305400E68621;
					};
				};
			};
			buildConfigurationList = D2374D5918EC305400E68621 /* Build configuration list for PBXProject "ControlTest" */;
			compatibilityVersion = "Xcode 3.2";
			developmentRegion = English;
			hasScannedForEncodings = 0;
			knownRegions = (
				en,
				Base,
			);
			mainGroup = D2374D5518EC305400E68621;
			productRefGroup = D2374D5F18EC305400E68621 /* Products */;
			projectDirPath = "";
			projectRoot = "";
			targets = (
				D2374D5D18EC305400E68621 /* ControlTest */,
				D2374D7E18EC305400E68621 /* ControlTestTests */,
			);
		};
/* End PBXProject section */

/* Begin PBXResourcesBuildPhase section */
		D2374D5C18EC305400E68621 /* Resources */ = {
			isa = PBXResourcesBuildPhase;
			buildActionMask = 2147483647;
			files = (
				D2374D9718EC30A800E68621 /* naver.jpg in Resources */,
				D2374D7A18EC305400E68621 /* Images.xcassets in Resources */,
				D2374D6C18EC305400E68621 /* InfoPlist.strings in Resources */,
				D2374D7518EC305400E68621 /* Main.storyboard in Resources */,
			);
			runOnlyForDeploymentPostprocessing = 0;
		};
		D2374D7D18EC305400E68621 /* Resources */ = {
			isa = PBXResourcesBuildPhase;
			buildActionMask = 2147483647;
			files = (
				D2374D8B18EC305400E68621 /* InfoPlist.strings in Resources */,
			);
			runOnlyForDeploymentPostprocessing = 0;
		};
/* End PBXResourcesBuildPhase section */

/* Begin PBXSourcesBuildPhase section */
		D2374D5A18EC305400E68621 /* Sources */ = {
			isa = PBXSourcesBuildPhase;
			buildActionMask = 2147483647;
			files = (
				D2374D7218EC305400E68621 /* ControlTestAppDelegate.m in Sources */,
				D2374D6E18EC305400E68621 /* main.m in Sources */,
				D2374D7818EC305400E68621 /* ControlTestViewController.m in Sources */,
			);
			runOnlyForDeploymentPostprocessing = 0;
		};
		D2374D7B18EC305400E68621 /* Sources */ = {
			isa = PBXSourcesBuildPhase;
			buildActionMask = 2147483647;
			files = (
				D2374D8D18EC305400E68621 /* ControlTestTests.m in Sources */,
			);
			runOnlyForDeploymentPostprocessing = 0;
		};
/* End PBXSourcesBuildPhase section */

/* Begin PBXTargetDependency section */
		D2374D8518EC305400E68621 /* PBXTargetDependency */ = {
			isa = PBXTargetDependency;
			target = D2374D5D18EC305400E68621 /* ControlTest */;
			targetProxy = D2374D8418EC305400E68621 /* PBXContainerItemProxy */;
		};
/* End PBXTargetDependency section */

/* Begin PBXVariantGroup section */
		D2374D6A18EC305400E68621 /* InfoPlist.strings */ = {
			isa = PBXVariantGroup;
			children = (
				D2374D6B18EC305400E68621 /* en */,
			);
			name = InfoPlist.strings;
			sourceTree = "<group>";
		};
		D2374D7318EC305400E68621 /* Main.storyboard */ = {
			isa = PBXVariantGroup;
			children = (
				D2374D7418EC305400E68621 /* Base */,
			);
			name = Main.storyboard;
			sourceTree = "<group>";
		};
		D2374D8918EC305400E68621 /* InfoPlist.strings */ = {
			isa = PBXVariantGroup;
			children = (
				D2374D8A18EC305400E68621 /* en */,
			);
			name = InfoPlist.strings;
			sourceTree = "<group>";
		};
/* End PBXVariantGroup section */

/* Begin XCBuildConfiguration section */
		D2374D8E18EC305400E68621 /* Debug */ = {
			isa = XCBuildConfiguration;
			buildSettings = {
				ALWAYS_SEARCH_USER_PATHS = NO;
				CLANG_CXX_LANGUAGE_STANDARD = "gnu++0x";
				CLANG_CXX_LIBRARY = "libc++";
				CLANG_ENABLE_MODULES = YES;
				CLANG_ENABLE_OBJC_ARC = YES;
				CLANG_WARN_BOOL_CONVERSION = YES;
				CLANG_WARN_CONSTANT_CONVERSION = YES;
				CLANG_WARN_DIRECT_OBJC_ISA_USAGE = YES_ERROR;
				CLANG_WARN_EMPTY_BODY = YES;
				CLANG_WARN_ENUM_CONVERSION = YES;
				CLANG_WARN_INT_CONVERSION = YES;
				CLANG_WARN_OBJC_ROOT_CLASS = YES_ERROR;
				CLANG_WARN__DUPLICATE_METHOD_MATCH = YES;
				"CODE_SIGN_IDENTITY[sdk=iphoneos*]" = "iPhone Developer";
				COPY_PHASE_STRIP = NO;
				GCC_C_LANGUAGE_STANDARD = gnu99;
				GCC_DYNAMIC_NO_PIC = NO;
				GCC_OPTIMIZATION_LEVEL = 0;
				GCC_PREPROCESSOR_DEFINITIONS = (
					"DEBUG=1",
					"$(inherited)",
				);
				GCC_SYMBOLS_PRIVATE_EXTERN = NO;
				GCC_WARN_64_TO_32_BIT_CONVERSION = YES;
				GCC_WARN_ABOUT_RETURN_TYPE = YES_ERROR;
				GCC_WARN_UNDECLARED_SELECTOR = YES;
				GCC_WARN_UNINITIALIZED_AUTOS = YES_AGGRESSIVE;
				GCC_WARN_UNUSED_FUNCTION = YES;
				GCC_WARN_UNUSED_VARIABLE = YES;
				IPHONEOS_DEPLOYMENT_TARGET = 7.1;
				ONLY_ACTIVE_ARCH = YES;
				SDKROOT = iphoneos;
			};
			name = Debug;
		};
		D2374D8F18EC305400E68621 /* Release */ = {
			isa = XCBuildConfiguration;
			buildSettings = {
				ALWAYS_SEARCH_USER_PATHS = NO;
				CLANG_CXX_LANGUAGE_STANDARD = "gnu++0x";
				CLANG_CXX_LIBRARY = "libc++";
				CLANG_ENABLE_MODULES = YES;
				CLANG_ENABLE_OBJC_ARC = YES;
				CLANG_WARN_BOOL_CONVERSION = YES;
				CLANG_WARN_CONSTANT_CONVERSION = YES;
				CLANG_WARN_DIRECT_OBJC_ISA_USAGE = YES_ERROR;
				CLANG_WARN_EMPTY_BODY = YES;
				CLANG_WARN_ENUM_CONVERSION = YES;
				CLANG_WARN_INT_CONVERSION = YES;
				CLANG_WARN_OBJC_ROOT_CLASS = YES_ERROR;
				CLANG_WARN__DUPLICATE_METHOD_MATCH = YES;
				"CODE_SIGN_IDENTITY[sdk=iphoneos*]" = "iPhone Developer";
				COPY_PHASE_STRIP = YES;
				ENABLE_NS_ASSERTIONS = NO;
				GCC_C_LANGUAGE_STANDARD = gnu99;
				GCC_WARN_64_TO_32_BIT_CONVERSION = YES;
				GCC_WARN_ABOUT_RETURN_TYPE = YES_ERROR;
				GCC_WARN_UNDECLARED_SELECTOR = YES;
				GCC_WARN_UNINITIALIZED_AUTOS = YES_AGGRESSIVE;
				GCC_WARN_UNUSED_FUNCTION = YES;
				GCC_WARN_UNUSED_VARIABLE = YES;
				IPHONEOS_DEPLOYMENT_TARGET = 7.1;
				SDKROOT = iphoneos;
				VALIDATE_PRODUCT = YES;
			};
			name = Release;
		};
		D2374D9118EC305400E68621 /* Debug */ = {
			isa = XCBuildConfiguration;
			buildSettings = {
				ASSETCATALOG_COMPILER_APPICON_NAME = AppIcon;
				ASSETCATALOG_COMPILER_LAUNCHIMAGE_NAME = LaunchImage;
				GCC_PRECOMPILE_PREFIX_HEADER = YES;
				GCC_PREFIX_HEADER = "ControlTest/ControlTest-Prefix.pch";
				INFOPLIST_FILE = "ControlTest/ControlTest-Info.plist";
				PRODUCT_NAME = "$(TARGET_NAME)";
				WRAPPER_EXTENSION = app;
			};
			name = Debug;
		};
		D2374D9218EC305400E68621 /* Release */ = {
			isa = XCBuildConfiguration;
			buildSettings = {
				ASSETCATALOG_COMPILER_APPICON_NAME = AppIcon;
				ASSETCATALOG_COMPILER_LAUNCHIMAGE_NAME = LaunchImage;
				GCC_PRECOMPILE_PREFIX_HEADER = YES;
				GCC_PREFIX_HEADER = "ControlTest/ControlTest-Prefix.pch";
				INFOPLIST_FILE = "ControlTest/ControlTest-Info.plist";
				PRODUCT_NAME = "$(TARGET_NAME)";
				WRAPPER_EXTENSION = app;
			};
			name = Release;
		};
		D2374D9418EC305400E68621 /* Debug */ = {
			isa = XCBuildConfiguration;
			buildSettings = {
				BUNDLE_LOADER = "$(BUILT_PRODUCTS_DIR)/ControlTest.app/ControlTest";
				FRAMEWORK_SEARCH_PATHS = (
					"$(SDKROOT)/Developer/Library/Frameworks",
					"$(inherited)",
					"$(DEVELOPER_FRAMEWORKS_DIR)",
				);
				GCC_PRECOMPILE_PREFIX_HEADER = YES;
				GCC_PREFIX_HEADER = "ControlTest/ControlTest-Prefix.pch";
				GCC_PREPROCESSOR_DEFINITIONS = (
					"DEBUG=1",
					"$(inherited)",
				);
				INFOPLIST_FILE = "ControlTestTests/ControlTestTests-Info.plist";
				PRODUCT_NAME = "$(TARGET_NAME)";
				TEST_HOST = "$(BUNDLE_LOADER)";
				WRAPPER_EXTENSION = xctest;
			};
			name = Debug;
		};
		D2374D9518EC305400E68621 /* Release */ = {
			isa = XCBuildConfiguration;
			buildSettings = {
				BUNDLE_LOADER = "$(BUILT_PRODUCTS_DIR)/ControlTest.app/ControlTest";
				FRAMEWORK_SEARCH_PATHS = (
					"$(SDKROOT)/Developer/Library/Frameworks",
					"$(inherited)",
					"$(DEVELOPER_FRAMEWORKS_DIR)",
				);
				GCC_PRECOMPILE_PREFIX_HEADER = YES;
				GCC_PREFIX_HEADER = "ControlTest/ControlTest-Prefix.pch";
				INFOPLIST_FILE = "ControlTestTests/ControlTestTests-Info.plist";
				PRODUCT_NAME = "$(TARGET_NAME)";
				TEST_HOST = "$(BUNDLE_LOADER)";
				WRAPPER_EXTENSION = xctest;
			};
			name = Release;
		};
/* End XCBuildConfiguration section */

/* Begin XCConfigurationList section */
		D2374D5918EC305400E68621 /* Build configuration list for PBXProject "ControlTest" */ = {
			isa = XCConfigurationList;
			buildConfigurations = (
				D2374D8E18EC305400E68621 /* Debug */,
				D2374D8F18EC305400E68621 /* Release */,
			);
			defaultConfigurationIsVisible = 0;
			defaultConfigurationName = Release;
		};
		D2374D9018EC305400E68621 /* Build configuration list for PBXNativeTarget "ControlTest" */ = {
			isa = XCConfigurationList;
			buildConfigurations = (
				D2374D9118EC305400E68621 /* Debug */,
				D2374D9218EC305400E68621 /* Release */,
			);
			defaultConfigurationIsVisible = 0;
		};
		D2374D9318EC305400E68621 /* Build configuration list for PBXNativeTarget "ControlTestTests" */ = {
			isa = XCConfigurationList;
			buildConfigurations = (
				D2374D9418EC305400E68621 /* Debug */,
				D2374D9518EC305400E68621 /* Release */,
			);
			defaultConfigurationIsVisible = 0;
		};
/* End XCConfigurationList section */
	};
	rootObject = D2374D5618EC305400E68621 /* Project object */;
}
